{
  "name": "sky-office-types",
  "version": "1.0.0",
  "lockfileVersion": 2,
  "requires": true,
  "packages": {
    "": {
      "name": "sky-office-types",
      "version": "1.0.0",
      "license": "MIT",
      "dependencies": {
        "@colyseus/schema": "^1.0.28"
      }
    },
    "node_modules/@colyseus/schema": {
      "version": "1.0.28",
      "resolved": "https://registry.npmjs.org/@colyseus/schema/-/schema-1.0.28.tgz",
      "integrity": "sha512-4mAvrPHU4iOJ7uVEowUf9lfoI0/xeYMSU7dcjQXSkfTTxvruH0VlBmASA/La3ENYT06k6qxehCdQr/HM83AC2g==",
      "bin": {
        "schema-codegen": "bin/schema-codegen"
      }
    }
  },
  "dependencies": {
    "@colyseus/schema": {
      "version": "1.0.28",
      "resolved": "https://registry.npmjs.org/@colyseus/schema/-/schema-1.0.28.tgz",
      "integrity": "sha512-4mAvrPHU4iOJ7uVEowUf9lfoI0/xeYMSU7dcjQXSkfTTxvruH0VlBmASA/La3ENYT06k6qxehCdQr/HM83AC2g=="
    }
  }
}
