# THIS IS AN AUTOGENERATED FILE. DO NOT EDIT THIS FILE DIRECTLY.
# yarn lockfile v1


"@colyseus/schema@^1.0.28":
  version "1.0.34"
  resolved "https://registry.yarnpkg.com/@colyseus/schema/-/schema-1.0.34.tgz#b20d3590c78c6aaf006daea9b9541abaff13843d"
  integrity sha512-2PfCqu9dJlfbkQsxGi9oM+fAmWpPeMLol6tazRdBxb5mj8QykUzRFMY4pipBlUB2tkQ4qidoRMQqjVHj2HznNg==
